# THIS IS AN AUTOGENERATED FILE. DO NOT EDIT THIS FILE DIRECTLY.
# yarn lockfile v1


"@types/component-emitter@^1.2.10":
  version "1.2.10"
  resolved "https://registry.yarnpkg.com/@types/component-emitter/-/component-emitter-1.2.10.tgz#ef5b1589b9f16544642e473db5ea5639107ef3ea"
  integrity sha512-bsjleuRKWmGqajMerkzox19aGbscQX5rmmvvXl3wlIp5gMG1HgkiwPxsN5p070fBDKTNSPgojVbuY1+HWMbFhg==

"@types/node@^14":
  version "14.17.5"
  resolved "https://registry.yarnpkg.com/@types/node/-/node-14.17.5.tgz#b59daf6a7ffa461b5648456ca59050ba8e40ed54"
  integrity sha512-bjqH2cX/O33jXT/UmReo2pM7DIJREPMnarixbQ57DOOzzFaI6D2+IcwaJQaJpv0M1E9TIhPCYVxrkcityLjlqA==

backo2@~1.0.2:
  version "1.0.2"
  resolved "https://registry.yarnpkg.com/backo2/-/backo2-1.0.2.tgz#31ab1ac8b129363463e35b3ebb69f4dfcfba7947"
  integrity sha1-MasayLEpNjRj41s+u2n038+6eUc=

base64-arraybuffer@0.1.4:
  version "0.1.4"
  resolved "https://registry.yarnpkg.com/base64-arraybuffer/-/base64-arraybuffer-0.1.4.tgz#9818c79e059b1355f97e0428a017c838e90ba812"
  integrity sha1-mBjHngWbE1X5fgQooBfIOOkLqBI=

blakets@^0.0.0-3:
  version "0.0.0-4"
  resolved "https://registry.yarnpkg.com/blakets/-/blakets-0.0.0-4.tgz#3f574a8bd431a8ac75ac8c913a4143e7f80ff3d3"
  integrity sha512-3PFE71fmj0uxwqgMsq7+T5/hDINCddx3+x6qTrbb6FQUPwjB3+2yup1dKUJQYjC7Y4R3JDiy03TatMIOXiknRw==
  dependencies:
    doge-json ">=1.1.0-3"

cluster@^0.7.7:
  version "0.7.7"
  resolved "https://registry.yarnpkg.com/cluster/-/cluster-0.7.7.tgz#e497e267cc956bd0b0513adb4aa393357d0085ef"
  integrity sha1-5JfiZ8yVa9CwUTrbSqOTNX0Ahe8=
  dependencies:
    log ">= 1.2.0"
    mkdirp ">= 0.0.1"

component-emitter@~1.3.0:
  version "1.3.0"
  resolved "https://registry.yarnpkg.com/component-emitter/-/component-emitter-1.3.0.tgz#16e4070fba8ae29b679f2215853ee181ab2eabc0"
  integrity sha512-Rd3se6QB+sO1TwqZjscQrurpEPIfO0/yYnSin6Q/rD3mOutHvUrCAhJub3r90uNb+SESBuE0QYoB90YdfatsRg==

d@1, d@^1.0.0, d@^1.0.1:
  version "1.0.1"
  resolved "https://registry.yarnpkg.com/d/-/d-1.0.1.tgz#8698095372d58dbee346ffd0c7093f99f8f9eb5a"
  integrity sha512-m62ShEObQ39CfralilEQRjH6oAMtNCV1xJyEx5LpRYUVN+EviphDgUc/F3hnYbADmkiNs67Y+3ylmlG7Lnu+FA==
  dependencies:
    es5-ext "^0.10.50"
    type "^1.0.1"

debug@~4.3.1:
  version "4.3.2"
  resolved "https://registry.yarnpkg.com/debug/-/debug-4.3.2.tgz#f0a49c18ac8779e31d4a0c6029dfb76873c7428b"
  integrity sha512-mOp8wKcvj7XxC78zLgw/ZA+6TSgkoE2C/ienthhRD298T7UNwAg9diBpLRxC0mOezLl4B0xV7M0cCO6P/O0Xhw==
  dependencies:
    ms "2.1.2"

doge-config@^0.3.0-3, doge-config@^0.3.5:
  version "0.3.5"
  resolved "https://registry.yarnpkg.com/doge-config/-/doge-config-0.3.5.tgz#9a0c07d17ae41c6e27d2c00d6d57e8767f7678da"
  integrity sha512-V1wVOVhN0WSEkREMR6ZqcKHcPK71D/Z6BeTxOijUWaLd2PX9o/vu0Vxo8Enl9eIjemetf/ppuG8U87iRGrFdkg==
  dependencies:
    doge-json "^1.1.0-3"

doge-json@*:
  version "1.0.4"
  resolved "https://registry.yarnpkg.com/doge-json/-/doge-json-1.0.4.tgz#2f4196ac7f9d79b582fb1e747c3d78bc5abcf794"
  integrity sha512-4E/33E0ylyCsGyM5LDEkBTxtq7sI5hV/hgMZl9naqtu8iV+Sow/t2j1CrUqdEWSieLxHtOJ7HfgbLPuDo37k7A==

doge-json@>=1.1.0-3, doge-json@^1.1.0-3:
  version "1.1.0-3"
  resolved "https://registry.yarnpkg.com/doge-json/-/doge-json-1.1.0-3.tgz#4cdedf2daf6116bce73c26aed7e52c6041804c4f"
  integrity sha512-TO+n1rJOto2ildgC8KpaZ1OwrGTi+EL/F9dwnn7o4MMMuoGP20aP4p5jkO69C0SGGVVPgsk8+NxaClA5boGDYQ==

duration@^0.2.2:
  version "0.2.2"
  resolved "https://registry.yarnpkg.com/duration/-/duration-0.2.2.tgz#ddf149bc3bc6901150fe9017111d016b3357f529"
  integrity sha512-06kgtea+bGreF5eKYgI/36A6pLXggY7oR4p1pq4SmdFBn1ReOL5D8RhG64VrqfTTKNucqqtBAwEj8aB88mcqrg==
  dependencies:
    d "1"
    es5-ext "~0.10.46"

engine.io-client@~4.1.0:
  version "4.1.4"
  resolved "https://registry.yarnpkg.com/engine.io-client/-/engine.io-client-4.1.4.tgz#0bda5ba4bd87bced2ad00b93c67e133d0fb981ba"
  integrity sha512-843fqAdKeUMFqKi1sSjnR11tJ4wi8sIefu6+JC1OzkkJBmjtc/gM/rZ53tJfu5Iae/3gApm5veoS+v+gtT0+Fg==
  dependencies:
    base64-arraybuffer "0.1.4"
    component-emitter "~1.3.0"
    debug "~4.3.1"
    engine.io-parser "~4.0.1"
    has-cors "1.1.0"
    parseqs "0.0.6"
    parseuri "0.0.6"
    ws "~7.4.2"
    xmlhttprequest-ssl "~1.6.2"
    yeast "0.1.2"

engine.io-parser@~4.0.1:
  version "4.0.2"
  resolved "https://registry.yarnpkg.com/engine.io-parser/-/engine.io-parser-4.0.2.tgz#e41d0b3fb66f7bf4a3671d2038a154024edb501e"
  integrity sha512-sHfEQv6nmtJrq6TKuIz5kyEKH/qSdK56H/A+7DnAuUPWosnIZAS2NHNcPLmyjtY3cGS/MqJdZbUjW97JU72iYg==
  dependencies:
    base64-arraybuffer "0.1.4"

es5-ext@^0.10.35, es5-ext@^0.10.49, es5-ext@^0.10.50, es5-ext@^0.10.53, es5-ext@~0.10.14, es5-ext@~0.10.46:
  version "0.10.53"
  resolved "https://registry.yarnpkg.com/es5-ext/-/es5-ext-0.10.53.tgz#93c5a3acfdbef275220ad72644ad02ee18368de1"
  integrity sha512-Xs2Stw6NiNHWypzRTY1MtaG/uJlwCk8kH81920ma8mvN8Xq1gsfhZvpkImLQArw8AHnv8MT2I45J3c0R8slE+Q==
  dependencies:
    es6-iterator "~2.0.3"
    es6-symbol "~3.1.3"
    next-tick "~1.0.0"

es6-iterator@~2.0.3:
  version "2.0.3"
  resolved "https://registry.yarnpkg.com/es6-iterator/-/es6-iterator-2.0.3.tgz#a7de889141a05a94b0854403b2d0a0fbfa98f3b7"
  integrity sha1-p96IkUGgWpSwhUQDstCg+/qY87c=
  dependencies:
    d "1"
    es5-ext "^0.10.35"
    es6-symbol "^3.1.1"

es6-symbol@^3.1.1, es6-symbol@~3.1.3:
  version "3.1.3"
  resolved "https://registry.yarnpkg.com/es6-symbol/-/es6-symbol-3.1.3.tgz#bad5d3c1bcdac28269f4cb331e431c78ac705d18"
  integrity sha512-NJ6Yn3FuDinBaBRWl/q5X/s4koRHBrgKAu+yGI6JCBeiu3qrcbJhwT2GeR/EXVfylRk8dpQVJoLEFhK+Mu31NA==
  dependencies:
    d "^1.0.1"
    ext "^1.1.2"

event-emitter@^0.3.5:
  version "0.3.5"
  resolved "https://registry.yarnpkg.com/event-emitter/-/event-emitter-0.3.5.tgz#df8c69eef1647923c7157b9ce83840610b02cc39"
  integrity sha1-34xp7vFkeSPHFXuc6DhAYQsCzDk=
  dependencies:
    d "1"
    es5-ext "~0.10.14"

ext@^1.1.2:
  version "1.4.0"
  resolved "https://registry.yarnpkg.com/ext/-/ext-1.4.0.tgz#89ae7a07158f79d35517882904324077e4379244"
  integrity sha512-Key5NIsUxdqKg3vIsdw9dSuXpPCQ297y6wBjL30edxwPgt2E44WcWBZey/ZvUc6sERLTxKdyCu4gZFmUbk1Q7A==
  dependencies:
    type "^2.0.0"

has-cors@1.1.0:
  version "1.1.0"
  resolved "https://registry.yarnpkg.com/has-cors/-/has-cors-1.1.0.tgz#5e474793f7ea9843d1bb99c23eef49ff126fff39"
  integrity sha1-XkdHk/fqmEPRu5nCPu9J/xJv/zk=

kleur@^3.0.3:
  version "3.0.3"
  resolved "https://registry.yarnpkg.com/kleur/-/kleur-3.0.3.tgz#a79c9ecc86ee1ce3fa6206d1216c501f147fc07e"
  integrity sha512-eTIzlVOSUR+JxdDFepEYcBMtZ9Qqdef+rnzWdRZuMbOywu5tO2w2N7rqjoANZ5k9vywhL6Br1VRjUIgTQx4E8w==

"log@>= 1.2.0":
  version "6.0.0"
  resolved "https://registry.yarnpkg.com/log/-/log-6.0.0.tgz#1e8e655f0389148e729d9ddd6d3bcbe8b93b8d21"
  integrity sha512-sxChESNYJ/EcQv8C7xpmxhtTOngoXuMEqGDAkhXBEmt3MAzM3SM/TmIBOqnMEVdrOv1+VgZoYbo6U2GemQiU4g==
  dependencies:
    d "^1.0.0"
    duration "^0.2.2"
    es5-ext "^0.10.49"
    event-emitter "^0.3.5"
    sprintf-kit "^2.0.0"
    type "^1.0.1"

mime-db@1.48.0:
  version "1.48.0"
  resolved "https://registry.yarnpkg.com/mime-db/-/mime-db-1.48.0.tgz#e35b31045dd7eada3aaad537ed88a33afbef2d1d"
  integrity sha512-FM3QwxV+TnZYQ2aRqhlKBMHxk10lTbMt3bBkMAp54ddrNeVSfcQYOOKuGuy3Ddrm38I04If834fOUSq1yzslJQ==

mime-types@^2.1.28:
  version "2.1.31"
  resolved "https://registry.yarnpkg.com/mime-types/-/mime-types-2.1.31.tgz#a00d76b74317c61f9c2db2218b8e9f8e9c5c9e6b"
  integrity sha512-XGZnNzm3QvgKxa8dpzyhFTHmpP3l5YNusmne07VUOXxou9CqUqYa/HBy124RqtVh/O2pECas/MOcsDgpilPOPg==
  dependencies:
    mime-db "1.48.0"

"mkdirp@>= 0.0.1":
  version "1.0.4"
  resolved "https://registry.yarnpkg.com/mkdirp/-/mkdirp-1.0.4.tgz#3eb5ed62622756d79a5f0e2a221dfebad75c2f7e"
  integrity sha512-vVqVZQyf3WLx2Shd0qJ9xuvqgAyKPLAiqITEtqW0oIUjzo3PePDd6fW9iFz30ef7Ysp/oiWqbhszeGWW2T6Gzw==

ms@2.1.2:
  version "2.1.2"
  resolved "https://registry.yarnpkg.com/ms/-/ms-2.1.2.tgz#d09d1f357b443f493382a8eb3ccd183872ae6009"
  integrity sha512-sGkPx+VjMtmA6MX27oA4FBFELFCZZ4S4XqeGOXCv68tT+jb3vk/RyaKWP0PTKyWtmLSM0b+adUTEvbs1PEaH2w==

next-tick@~1.0.0:
  version "1.0.0"
  resolved "https://registry.yarnpkg.com/next-tick/-/next-tick-1.0.0.tgz#ca86d1fe8828169b0120208e3dc8424b9db8342c"
  integrity sha1-yobR/ogoFpsBICCOPchCS524NCw=

node-fetch@^2.6.1:
  version "2.6.1"
  resolved "https://registry.yarnpkg.com/node-fetch/-/node-fetch-2.6.1.tgz#045bd323631f76ed2e2b55573394416b639a0052"
  integrity sha512-V4aYg89jEoVRxRb2fJdAg8FHvI7cEyYdVAh94HH0UIK8oJxUfkjlDQN9RbMx+bEjP7+ggMiFRprSti032Oipxw==

nodesite.eu@^1.2.0-10:
  version "1.2.0-10"
  resolved "https://registry.yarnpkg.com/nodesite.eu/-/nodesite.eu-1.2.0-10.tgz#88369584b88bb95e09728b1187e70fcbfaba475d"
  integrity sha512-xGtM/r/1N6wRqdXZpTKzY8jIqv5RCc2FchTXg/LY6U4XONqtl+dUS51qmdxRh2n2e+SqpxiRn3hT2LQvrHeqnw==
  dependencies:
    blakets "^0.0.0-3"
    doge-config "^0.3.0-3"
    mime-types "^2.1.28"
    node-fetch "^2.6.1"
    socket.io-client "^3.1.0"
    ts-hound "^1.0.7"

nsblob@^0.2.6:
  version "0.2.6"
  resolved "https://registry.yarnpkg.com/nsblob/-/nsblob-0.2.6.tgz#6ed32324f8e7f2f0fc0c6d876e44bd91a037cbff"
  integrity sha512-gQJml7XYoEO39P5lJnIa6h19YDWdEIvotQs8wRUvgqNgHwGcvbMkY8Ujo8V57h/xajlt2P8Lqokyt7bDtTmUKw==
  dependencies:
    blakets "^0.0.0-3"
    nodesite.eu "^1.2.0-10"

nsmt-nslibmgr@^0.2.4:
  version "0.2.4"
  resolved "https://registry.yarnpkg.com/nsmt-nslibmgr/-/nsmt-nslibmgr-0.2.4.tgz#717be501fa994e960c8fdef029ed29feb3fadb30"
  integrity sha512-yHWw8mHGdMKNdA7BM3U9MMlu/IcifHHSORGKUWGDEBVCgrkEi+zg8/8NB6BMl4BrzVS+eY6h/sDgRvnGDQX5XA==
  dependencies:
    doge-config "^0.3.5"
    nodesite.eu "^1.2.0-10"
    nsblob "^0.2.6"
    oplist "^0.0.0-3"
    prompts "^2.4.1"
    serial-async-io "^0.1.0"

nsprt@^0.1.1:
  version "0.1.1"
  resolved "https://registry.yarnpkg.com/nsprt/-/nsprt-0.1.1.tgz#812e0f2656a7069cdd6702738e002b5695c83fe8"
  integrity sha512-HL1TYM8mc4VxylNy+bAG86DkrfhdviAptFjjf9KmTWyaYYD6c+2gh3uOgr/agSsNdQkcoZd9d3XdMObKDvcPaA==
  dependencies:
    nsblob "^0.2.6"
    prettier "^2.3.2"
    serial-async-io "^0.1.0"
    ts-hound "^1.0.7"

oplist@^0.0.0-3:
  version "0.0.0-3"
  resolved "https://registry.yarnpkg.com/oplist/-/oplist-0.0.0-3.tgz#3b01d31e4117e0a4eb230042d0c11b7b0052d99b"
  integrity sha512-XT5qZ/4Nxqu9qTBO7XABMz4uH+JauQhz1oyKn5olOdIhQK7OGrsSsU95dHVsnNWBgTSbMAoUMyXhzmne4Mf3tQ==
  dependencies:
    doge-json "*"

parseqs@0.0.6:
  version "0.0.6"
  resolved "https://registry.yarnpkg.com/parseqs/-/parseqs-0.0.6.tgz#8e4bb5a19d1cdc844a08ac974d34e273afa670d5"
  integrity sha512-jeAGzMDbfSHHA091hr0r31eYfTig+29g3GKKE/PPbEQ65X0lmMwlEoqmhzu0iztID5uJpZsFlUPDP8ThPL7M8w==

parseuri@0.0.6:
  version "0.0.6"
  resolved "https://registry.yarnpkg.com/parseuri/-/parseuri-0.0.6.tgz#e1496e829e3ac2ff47f39a4dd044b32823c4a25a"
  integrity sha512-AUjen8sAkGgao7UyCX6Ahv0gIK2fABKmYjvP4xmy5JaKvcbTRueIqIPHLAfq30xJddqSE033IOMUSOMCcK3Sow==

prettier@^2.3.2:
  version "2.3.2"
  resolved "https://registry.yarnpkg.com/prettier/-/prettier-2.3.2.tgz#ef280a05ec253712e486233db5c6f23441e7342d"
  integrity sha512-lnJzDfJ66zkMy58OL5/NY5zp70S7Nz6KqcKkXYzn2tMVrNxvbqaBpg7H3qHaLxCJ5lNMsGuM8+ohS7cZrthdLQ==

prompts@^2.4.1:
  version "2.4.1"
  resolved "https://registry.yarnpkg.com/prompts/-/prompts-2.4.1.tgz#befd3b1195ba052f9fd2fde8a486c4e82ee77f61"
  integrity sha512-EQyfIuO2hPDsX1L/blblV+H7I0knhgAd82cVneCwcdND9B8AuCDuRcBH6yIcG4dFzlOUqbazQqwGjx5xmsNLuQ==
  dependencies:
    kleur "^3.0.3"
    sisteransi "^1.0.5"

serial-async-io@^0.1.0:
  version "0.1.0"
  resolved "https://registry.yarnpkg.com/serial-async-io/-/serial-async-io-0.1.0.tgz#3a44a459c6e7e9308463a2dac8a6e1e6582762bf"
  integrity sha512-nbl2p7HbYHHIMUgf9fuDydG030wjk4/wwAm8537ZzL8kSyTe2U2z/Ekbeh7zi83YnY6Pu2GqDY5RJEC251ScLQ==

sisteransi@^1.0.5:
  version "1.0.5"
  resolved "https://registry.yarnpkg.com/sisteransi/-/sisteransi-1.0.5.tgz#134d681297756437cc05ca01370d3a7a571075ed"
  integrity sha512-bLGGlR1QxBcynn2d5YmDX4MGjlZvy2MRBDRNHLJ8VI6l6+9FUiyTFNJ0IveOSP0bcXgVDPRcfGqA0pjaqUpfVg==

socket.io-client@^3.1.0:
  version "3.1.3"
  resolved "https://registry.yarnpkg.com/socket.io-client/-/socket.io-client-3.1.3.tgz#57ddcefea58cfab71f0e94c21124de8e3c5aa3e2"
  integrity sha512-4sIGOGOmCg3AOgGi7EEr6ZkTZRkrXwub70bBB/F0JSkMOUFpA77WsL87o34DffQQ31PkbMUIadGOk+3tx1KGbw==
  dependencies:
    "@types/component-emitter" "^1.2.10"
    backo2 "~1.0.2"
    component-emitter "~1.3.0"
    debug "~4.3.1"
    engine.io-client "~4.1.0"
    parseuri "0.0.6"
    socket.io-parser "~4.0.4"

socket.io-parser@~4.0.4:
  version "4.0.4"
  resolved "https://registry.yarnpkg.com/socket.io-parser/-/socket.io-parser-4.0.4.tgz#9ea21b0d61508d18196ef04a2c6b9ab630f4c2b0"
  integrity sha512-t+b0SS+IxG7Rxzda2EVvyBZbvFPBCjJoyHuE0P//7OAsN23GItzDRdWa6ALxZI/8R5ygK7jAR6t028/z+7295g==
  dependencies:
    "@types/component-emitter" "^1.2.10"
    component-emitter "~1.3.0"
    debug "~4.3.1"

sprintf-kit@^2.0.0:
  version "2.0.1"
  resolved "https://registry.yarnpkg.com/sprintf-kit/-/sprintf-kit-2.0.1.tgz#bb837e8fa4b28f094531d8e33669120027236bb8"
  integrity sha512-2PNlcs3j5JflQKcg4wpdqpZ+AjhQJ2OZEo34NXDtlB0tIPG84xaaXhpA8XFacFiwjKA4m49UOYG83y3hbMn/gQ==
  dependencies:
    es5-ext "^0.10.53"

ts-hound@^1.0.7:
  version "1.0.7"
  resolved "https://registry.yarnpkg.com/ts-hound/-/ts-hound-1.0.7.tgz#0ce8f3f874c1cc7f6165953954f60cc04b0c5bc0"
  integrity sha512-36EK3QQfAMgf4lvWRgvyP4Vxthf+CybmaXqKSHhASjZbiEiKDDoNbm8jLnuzvoHRtWCaEZ5u0QqWcuFRowoffg==

type@^1.0.1:
  version "1.2.0"
  resolved "https://registry.yarnpkg.com/type/-/type-1.2.0.tgz#848dd7698dafa3e54a6c479e759c4bc3f18847a0"
  integrity sha512-+5nt5AAniqsCnu2cEQQdpzCAh33kVx8n0VoFidKpB1dVVLAN/F+bgVOqOJqOnEnrhp222clB5p3vUlD+1QAnfg==

type@^2.0.0:
  version "2.5.0"
  resolved "https://registry.yarnpkg.com/type/-/type-2.5.0.tgz#0a2e78c2e77907b252abe5f298c1b01c63f0db3d"
  integrity sha512-180WMDQaIMm3+7hGXWf12GtdniDEy7nYcyFMKJn/eZz/6tSLXrUN9V0wKSbMjej0I1WHWbpREDEKHtqPQa9NNw==

ws@~7.4.2:
  version "7.4.6"
  resolved "https://registry.yarnpkg.com/ws/-/ws-7.4.6.tgz#5654ca8ecdeee47c33a9a4bf6d28e2be2980377c"
  integrity sha512-YmhHDO4MzaDLB+M9ym/mDA5z0naX8j7SIlT8f8z+I0VtzsRbekxEutHSme7NPS2qE8StCYQNUnfWdXta/Yu85A==

xmlhttprequest-ssl@~1.6.2:
  version "1.6.3"
  resolved "https://registry.yarnpkg.com/xmlhttprequest-ssl/-/xmlhttprequest-ssl-1.6.3.tgz#03b713873b01659dfa2c1c5d056065b27ddc2de6"
  integrity sha512-3XfeQE/wNkvrIktn2Kf0869fC0BN6UpydVasGIeSm2B1Llihf7/0UfZM+eCkOw3P7bP4+qPgqhm7ZoxuJtFU0Q==

yeast@0.1.2:
  version "0.1.2"
  resolved "https://registry.yarnpkg.com/yeast/-/yeast-0.1.2.tgz#008e06d8094320c372dbc2f8ed76a0ca6c8ac419"
  integrity sha1-AI4G2AlDIMNy28L47XagymyKxBk=
