# THIS IS AN AUTOGENERATED FILE. DO NOT EDIT THIS FILE DIRECTLY.
# yarn lockfile v1


"@lvksh/logger@1.5.2", "@lvksh/logger@^1.5.2":
  version "1.5.2"
  resolved "https://registry.yarnpkg.com/@lvksh/logger/-/logger-1.5.2.tgz#4bdf255edf008a4e746596f1e574b77807c629fb"
  integrity sha512-BpzPz2y0K4y/u8yeOIwYKrsRgRJmPsA7RLdllLJ8kMes7up8o/xKf+9LKHul4uvZYd4xR4YoK+3MYDGwEMTOBg==

"@types/component-emitter@^1.2.10":
  version "1.2.11"
  resolved "https://registry.yarnpkg.com/@types/component-emitter/-/component-emitter-1.2.11.tgz#50d47d42b347253817a39709fef03ce66a108506"
  integrity sha512-SRXjM+tfsSlA9VuG8hGO2nft2p8zjXCK1VcC6N4NXbBbYbSia9kzCChYQajIjzIqOOOuh5Ock6MmV2oux4jDZQ==

"@types/node@*", "@types/node@^14":
  version "14.18.3"
  resolved "https://registry.yarnpkg.com/@types/node/-/node-14.18.3.tgz#b3682cfd9d5542b025df13233d073cb4347f63f3"
  integrity sha512-GtTH2crF4MtOIrrAa+jgTV9JX/PfoUCYr6MiZw7O/dkZu5b6gm5dc1nAL0jwGo4ortSBBtGyeVaxdC8X6V+pLg==

"@types/prompts@^2.0.14":
  version "2.0.14"
  resolved "https://registry.yarnpkg.com/@types/prompts/-/prompts-2.0.14.tgz#10cb8899844bb0771cabe57c1becaaaca9a3b521"
  integrity sha512-HZBd99fKxRWpYCErtm2/yxUZv6/PBI9J7N4TNFffl5JbrYMHBwF25DjQGTW3b3jmXq+9P6/8fCIb2ee57BFfYA==
  dependencies:
    "@types/node" "*"

argparse@^2.0.1:
  version "2.0.1"
  resolved "https://registry.yarnpkg.com/argparse/-/argparse-2.0.1.tgz#246f50f3ca78a3240f6c997e8a9bd1eac49e4b38"
  integrity sha512-8+9WqebbFzpX9OR+Wa6O29asIogeRMzcGtAINdpMHHyAg10f05aSFVBbcEqGf/PXw1EjAZ+q2/bEBg3DvurK3Q==

backo2@~1.0.2:
  version "1.0.2"
  resolved "https://registry.yarnpkg.com/backo2/-/backo2-1.0.2.tgz#31ab1ac8b129363463e35b3ebb69f4dfcfba7947"
  integrity sha1-MasayLEpNjRj41s+u2n038+6eUc=

base64-arraybuffer@0.1.4:
  version "0.1.4"
  resolved "https://registry.yarnpkg.com/base64-arraybuffer/-/base64-arraybuffer-0.1.4.tgz#9818c79e059b1355f97e0428a017c838e90ba812"
  integrity sha1-mBjHngWbE1X5fgQooBfIOOkLqBI=

blakets@^0.1.4:
  version "0.1.4"
  resolved "https://registry.yarnpkg.com/blakets/-/blakets-0.1.4.tgz#d552c2beeecb27c73d994e4ca456b02d7afc93f9"
  integrity sha512-C2yHcfDO02XXcbNGttqeNi1pUfkpc1KTO2cBX40Mvzw5HLPsHLQJTLciqqpT412SQL+gchGaDZI+Gyh6ohnHRQ==
  dependencies:
    doge-json "^1.2.3"

cluster@^0.7.7:
  version "0.7.7"
  resolved "https://registry.yarnpkg.com/cluster/-/cluster-0.7.7.tgz#e497e267cc956bd0b0513adb4aa393357d0085ef"
  integrity sha1-5JfiZ8yVa9CwUTrbSqOTNX0Ahe8=
  dependencies:
    log ">= 1.2.0"
    mkdirp ">= 0.0.1"

component-emitter@~1.3.0:
  version "1.3.0"
  resolved "https://registry.yarnpkg.com/component-emitter/-/component-emitter-1.3.0.tgz#16e4070fba8ae29b679f2215853ee181ab2eabc0"
  integrity sha512-Rd3se6QB+sO1TwqZjscQrurpEPIfO0/yYnSin6Q/rD3mOutHvUrCAhJub3r90uNb+SESBuE0QYoB90YdfatsRg==

d@1, d@^1.0.0, d@^1.0.1:
  version "1.0.1"
  resolved "https://registry.yarnpkg.com/d/-/d-1.0.1.tgz#8698095372d58dbee346ffd0c7093f99f8f9eb5a"
  integrity sha512-m62ShEObQ39CfralilEQRjH6oAMtNCV1xJyEx5LpRYUVN+EviphDgUc/F3hnYbADmkiNs67Y+3ylmlG7Lnu+FA==
  dependencies:
    es5-ext "^0.10.50"
    type "^1.0.1"

debug@~4.3.1:
  version "4.3.3"
  resolved "https://registry.yarnpkg.com/debug/-/debug-4.3.3.tgz#04266e0b70a98d4462e6e288e38259213332b664"
  integrity sha512-/zxw5+vh1Tfv+4Qn7a5nsbcJKPaSvCDhojn6FEl9vupwK2VCSDtEiEtqr8DFtzYFOdz63LBkxec7DYuc2jon6Q==
  dependencies:
    ms "2.1.2"

doge-config@^0.3.13:
  version "0.3.13"
  resolved "https://registry.yarnpkg.com/doge-config/-/doge-config-0.3.13.tgz#8f7638d0621389d41cd5ed32fcc3170241ffa0e3"
  integrity sha512-haeMqZvSvBkVreRDLYbjoxUAspDcmi9qBrcOkRCH0WyBOpW2IlXlKNXnCTlBuNeFVaBqe06tCQCPMMWrBl6BwQ==
  dependencies:
    doge-json "^1.2.1"

doge-json@^1.2.1, doge-json@^1.2.3, doge-json@^1.2.6:
  version "1.2.6"
  resolved "https://registry.yarnpkg.com/doge-json/-/doge-json-1.2.6.tgz#1a9265f990b05e178b578421a668901c5e1308af"
  integrity sha512-evsIUVVlV5aNdt/08dQQC8yFbyy0Pi8o3grMCss8e5YGlXJCuCjs9RQAj2WxYgb1+G9knsQmASn7ox3MQV7Sxw==

duration@^0.2.2:
  version "0.2.2"
  resolved "https://registry.yarnpkg.com/duration/-/duration-0.2.2.tgz#ddf149bc3bc6901150fe9017111d016b3357f529"
  integrity sha512-06kgtea+bGreF5eKYgI/36A6pLXggY7oR4p1pq4SmdFBn1ReOL5D8RhG64VrqfTTKNucqqtBAwEj8aB88mcqrg==
  dependencies:
    d "1"
    es5-ext "~0.10.46"

engine.io-client@~4.1.0:
  version "4.1.4"
  resolved "https://registry.yarnpkg.com/engine.io-client/-/engine.io-client-4.1.4.tgz#0bda5ba4bd87bced2ad00b93c67e133d0fb981ba"
  integrity sha512-843fqAdKeUMFqKi1sSjnR11tJ4wi8sIefu6+JC1OzkkJBmjtc/gM/rZ53tJfu5Iae/3gApm5veoS+v+gtT0+Fg==
  dependencies:
    base64-arraybuffer "0.1.4"
    component-emitter "~1.3.0"
    debug "~4.3.1"
    engine.io-parser "~4.0.1"
    has-cors "1.1.0"
    parseqs "0.0.6"
    parseuri "0.0.6"
    ws "~7.4.2"
    xmlhttprequest-ssl "~1.6.2"
    yeast "0.1.2"

engine.io-parser@~4.0.1:
  version "4.0.3"
  resolved "https://registry.yarnpkg.com/engine.io-parser/-/engine.io-parser-4.0.3.tgz#83d3a17acfd4226f19e721bb22a1ee8f7662d2f6"
  integrity sha512-xEAAY0msNnESNPc00e19y5heTPX4y/TJ36gr8t1voOaNmTojP9b3oK3BbJLFufW2XFPQaaijpFewm2g2Um3uqA==
  dependencies:
    base64-arraybuffer "0.1.4"

es5-ext@^0.10.35, es5-ext@^0.10.49, es5-ext@^0.10.50, es5-ext@^0.10.53, es5-ext@~0.10.14, es5-ext@~0.10.46:
  version "0.10.53"
  resolved "https://registry.yarnpkg.com/es5-ext/-/es5-ext-0.10.53.tgz#93c5a3acfdbef275220ad72644ad02ee18368de1"
  integrity sha512-Xs2Stw6NiNHWypzRTY1MtaG/uJlwCk8kH81920ma8mvN8Xq1gsfhZvpkImLQArw8AHnv8MT2I45J3c0R8slE+Q==
  dependencies:
    es6-iterator "~2.0.3"
    es6-symbol "~3.1.3"
    next-tick "~1.0.0"

es6-iterator@~2.0.3:
  version "2.0.3"
  resolved "https://registry.yarnpkg.com/es6-iterator/-/es6-iterator-2.0.3.tgz#a7de889141a05a94b0854403b2d0a0fbfa98f3b7"
  integrity sha1-p96IkUGgWpSwhUQDstCg+/qY87c=
  dependencies:
    d "1"
    es5-ext "^0.10.35"
    es6-symbol "^3.1.1"

es6-symbol@^3.1.1, es6-symbol@~3.1.3:
  version "3.1.3"
  resolved "https://registry.yarnpkg.com/es6-symbol/-/es6-symbol-3.1.3.tgz#bad5d3c1bcdac28269f4cb331e431c78ac705d18"
  integrity sha512-NJ6Yn3FuDinBaBRWl/q5X/s4koRHBrgKAu+yGI6JCBeiu3qrcbJhwT2GeR/EXVfylRk8dpQVJoLEFhK+Mu31NA==
  dependencies:
    d "^1.0.1"
    ext "^1.1.2"

event-emitter@^0.3.5:
  version "0.3.5"
  resolved "https://registry.yarnpkg.com/event-emitter/-/event-emitter-0.3.5.tgz#df8c69eef1647923c7157b9ce83840610b02cc39"
  integrity sha1-34xp7vFkeSPHFXuc6DhAYQsCzDk=
  dependencies:
    d "1"
    es5-ext "~0.10.14"

ext@^1.1.2:
  version "1.6.0"
  resolved "https://registry.yarnpkg.com/ext/-/ext-1.6.0.tgz#3871d50641e874cc172e2b53f919842d19db4c52"
  integrity sha512-sdBImtzkq2HpkdRLtlLWDa6w4DX22ijZLKx8BMPUuKe1c5lbN6xwQDQCxSfxBQnHZ13ls/FH0MQZx/q/gr6FQg==
  dependencies:
    type "^2.5.0"

has-cors@1.1.0:
  version "1.1.0"
  resolved "https://registry.yarnpkg.com/has-cors/-/has-cors-1.1.0.tgz#5e474793f7ea9843d1bb99c23eef49ff126fff39"
  integrity sha1-XkdHk/fqmEPRu5nCPu9J/xJv/zk=

js-yaml@^4.1.0:
  version "4.1.0"
  resolved "https://registry.yarnpkg.com/js-yaml/-/js-yaml-4.1.0.tgz#c1fb65f8f5017901cdd2c951864ba18458a10602"
  integrity sha512-wpxZs9NoxZaJESJGIZTyDEaYpl0FKSA+FB9aJiyemKhMwkxQg63h4T1KJgUGHpTqPDNRcmmYLugrRjJlBtWvRA==
  dependencies:
    argparse "^2.0.1"

json5@^2.2.0:
  version "2.2.0"
  resolved "https://registry.yarnpkg.com/json5/-/json5-2.2.0.tgz#2dfefe720c6ba525d9ebd909950f0515316c89a3"
  integrity sha512-f+8cldu7X/y7RAJurMEJmdoKXGB/X550w2Nr3tTbezL6RwEE/iMcm+tZnXeoZtKuOq6ft8+CqzEkrIgx1fPoQA==
  dependencies:
    minimist "^1.2.5"

kleur@^3.0.3:
  version "3.0.3"
  resolved "https://registry.yarnpkg.com/kleur/-/kleur-3.0.3.tgz#a79c9ecc86ee1ce3fa6206d1216c501f147fc07e"
  integrity sha512-eTIzlVOSUR+JxdDFepEYcBMtZ9Qqdef+rnzWdRZuMbOywu5tO2w2N7rqjoANZ5k9vywhL6Br1VRjUIgTQx4E8w==

"log@>= 1.2.0":
  version "6.0.0"
  resolved "https://registry.yarnpkg.com/log/-/log-6.0.0.tgz#1e8e655f0389148e729d9ddd6d3bcbe8b93b8d21"
  integrity sha512-sxChESNYJ/EcQv8C7xpmxhtTOngoXuMEqGDAkhXBEmt3MAzM3SM/TmIBOqnMEVdrOv1+VgZoYbo6U2GemQiU4g==
  dependencies:
    d "^1.0.0"
    duration "^0.2.2"
    es5-ext "^0.10.49"
    event-emitter "^0.3.5"
    sprintf-kit "^2.0.0"
    type "^1.0.1"

minimist@^1.2.5:
  version "1.2.5"
  resolved "https://registry.yarnpkg.com/minimist/-/minimist-1.2.5.tgz#67d66014b66a6a8aaa0c083c5fd58df4e4e97602"
  integrity sha512-FM9nNUYrRBAELZQT3xeZQ7fmMOBg6nWNmJKTcgsJeaLstP/UODVpGsr5OhXhhXg6f+qtJ8uiZ+PUxkDWcgIXLw==

"mkdirp@>= 0.0.1":
  version "1.0.4"
  resolved "https://registry.yarnpkg.com/mkdirp/-/mkdirp-1.0.4.tgz#3eb5ed62622756d79a5f0e2a221dfebad75c2f7e"
  integrity sha512-vVqVZQyf3WLx2Shd0qJ9xuvqgAyKPLAiqITEtqW0oIUjzo3PePDd6fW9iFz30ef7Ysp/oiWqbhszeGWW2T6Gzw==

ms@2.1.2:
  version "2.1.2"
  resolved "https://registry.yarnpkg.com/ms/-/ms-2.1.2.tgz#d09d1f357b443f493382a8eb3ccd183872ae6009"
  integrity sha512-sGkPx+VjMtmA6MX27oA4FBFELFCZZ4S4XqeGOXCv68tT+jb3vk/RyaKWP0PTKyWtmLSM0b+adUTEvbs1PEaH2w==

next-tick@~1.0.0:
  version "1.0.0"
  resolved "https://registry.yarnpkg.com/next-tick/-/next-tick-1.0.0.tgz#ca86d1fe8828169b0120208e3dc8424b9db8342c"
  integrity sha1-yobR/ogoFpsBICCOPchCS524NCw=

nodesite.eu-core@^1.2.0:
  version "1.3.0"
  resolved "https://registry.yarnpkg.com/nodesite.eu-core/-/nodesite.eu-core-1.3.0.tgz#6864eb4fa369678a72f38f3abd259c8bf155271a"
  integrity sha512-1Siim/Qo5yfcEcg5xvaVw8TDAZEMcdibNxeRXwAEx43OPVjJ9KGUGx3+tKT2vg7H1/46waQjPbsJgb8DG+8xAQ==
  dependencies:
    "@lvksh/logger" "1.5.2"
    socket.io-client "^3.1.3"

nsblob@^0.2.10:
  version "0.2.10"
  resolved "https://registry.yarnpkg.com/nsblob/-/nsblob-0.2.10.tgz#93084f17c6f49e41801c7e15a6fdc7477638cd13"
  integrity sha512-oFaJYU/698INEMoozIh1fm3MQKnmp2tjEtjeAXMkvKRv7sDprniCbH91px0Mp0bE7JsttVtLl+9Hrd7/jYAHyw==
  dependencies:
    blakets "^0.1.4"
    doge-config "^0.3.13"
    nodesite.eu-core "^1.2.0"
    serial-async-io "^0.3.0"

nsmt-nslibmgr@^0.2.15:
  version "0.2.15"
  resolved "https://registry.yarnpkg.com/nsmt-nslibmgr/-/nsmt-nslibmgr-0.2.15.tgz#3d58895cc7c45dff427ee0a3ee6f1f78e76318ee"
  integrity sha512-iPn3revOVyEJ0/yAIb8ctUlrjP19M3XT3bc/KrWos76JrvJ1e9R+d5FpFjP50X1kdY5c/QMZGsXJlMrdCxm+2w==
  dependencies:
    doge-config "^0.3.13"
    nsblob "^0.2.10"
    oplist "^0.0.0-7"
    prompts "^2.4.1"
    serial-async-io "^0.3.2"

nsprt@^0.1.7:
  version "0.1.7"
  resolved "https://registry.yarnpkg.com/nsprt/-/nsprt-0.1.7.tgz#a01d464ae15a459c2daaaa2f18575cb7c4a6211d"
  integrity sha512-Vy16dBv3lVVAIO8BllfqT2MXPkB9jhwQTLJasNjq0SDZZpv30Pjz6dul/82b7VPQUFjG53SyuxcldgVc+tvi0g==
  dependencies:
    "@lvksh/logger" "^1.5.2"
    js-yaml "^4.1.0"
    json5 "^2.2.0"
    nsblob "^0.2.10"
    prettier "^2.5.1"
    serial-async-io "^0.3.0"
    toml "^3.0.0"
    ts-hound "^1.0.8"

oplist@^0.0.0-7:
  version "0.0.0-7"
  resolved "https://registry.yarnpkg.com/oplist/-/oplist-0.0.0-7.tgz#71a9f7f51d405118e5361418a94a9b785a3e14d8"
  integrity sha512-iCrAeXFYCjrGNWPECkadtRIeclLWnh6hGpZtv7bs81bspwSARPROgK6vcQtp8X7NDnNo7c8mJUJwiAheI4JtjA==
  dependencies:
    doge-json "^1.2.6"

parseqs@0.0.6:
  version "0.0.6"
  resolved "https://registry.yarnpkg.com/parseqs/-/parseqs-0.0.6.tgz#8e4bb5a19d1cdc844a08ac974d34e273afa670d5"
  integrity sha512-jeAGzMDbfSHHA091hr0r31eYfTig+29g3GKKE/PPbEQ65X0lmMwlEoqmhzu0iztID5uJpZsFlUPDP8ThPL7M8w==

parseuri@0.0.6:
  version "0.0.6"
  resolved "https://registry.yarnpkg.com/parseuri/-/parseuri-0.0.6.tgz#e1496e829e3ac2ff47f39a4dd044b32823c4a25a"
  integrity sha512-AUjen8sAkGgao7UyCX6Ahv0gIK2fABKmYjvP4xmy5JaKvcbTRueIqIPHLAfq30xJddqSE033IOMUSOMCcK3Sow==

prettier@^2.5.1:
  version "2.5.1"
  resolved "https://registry.yarnpkg.com/prettier/-/prettier-2.5.1.tgz#fff75fa9d519c54cf0fce328c1017d94546bc56a"
  integrity sha512-vBZcPRUR5MZJwoyi3ZoyQlc1rXeEck8KgeC9AwwOn+exuxLxq5toTRDTSaVrXHxelDMHy9zlicw8u66yxoSUFg==

prompts@^2.4.1:
  version "2.4.2"
  resolved "https://registry.yarnpkg.com/prompts/-/prompts-2.4.2.tgz#7b57e73b3a48029ad10ebd44f74b01722a4cb069"
  integrity sha512-NxNv/kLguCA7p3jE8oL2aEBsrJWgAakBpgmgK6lpPWV+WuOmY6r2/zbAVnP+T8bQlA0nzHXSJSJW0Hq7ylaD2Q==
  dependencies:
    kleur "^3.0.3"
    sisteransi "^1.0.5"

serial-async-io@^0.3.0:
  version "0.3.0"
  resolved "https://registry.yarnpkg.com/serial-async-io/-/serial-async-io-0.3.0.tgz#27318e7e877ee9e225a26c359ef289b31214074b"
  integrity sha512-1HbyC6RmPQxCImY9XZNOH7w/eXNbG2X7+hDYiby2Mdlltp3fme0WMiGl1nvO4Xd7tye3c6PJtVZBV7IaVyegfg==

serial-async-io@^0.3.2:
  version "0.3.2"
  resolved "https://registry.yarnpkg.com/serial-async-io/-/serial-async-io-0.3.2.tgz#0fbcfdbbdcd093caefd44f9cb0b68ea7d6167863"
  integrity sha512-Uk3xSDyiLTCAdPjzNWU5bHk6MqRj4cUi/MqD2lPSg9k/PfJpZzpA+yEgWEIWH3SiWtjUc1eDc4T/iNbBiZ0DNQ==

sisteransi@^1.0.5:
  version "1.0.5"
  resolved "https://registry.yarnpkg.com/sisteransi/-/sisteransi-1.0.5.tgz#134d681297756437cc05ca01370d3a7a571075ed"
  integrity sha512-bLGGlR1QxBcynn2d5YmDX4MGjlZvy2MRBDRNHLJ8VI6l6+9FUiyTFNJ0IveOSP0bcXgVDPRcfGqA0pjaqUpfVg==

socket.io-client@^3.1.3:
  version "3.1.3"
  resolved "https://registry.yarnpkg.com/socket.io-client/-/socket.io-client-3.1.3.tgz#57ddcefea58cfab71f0e94c21124de8e3c5aa3e2"
  integrity sha512-4sIGOGOmCg3AOgGi7EEr6ZkTZRkrXwub70bBB/F0JSkMOUFpA77WsL87o34DffQQ31PkbMUIadGOk+3tx1KGbw==
  dependencies:
    "@types/component-emitter" "^1.2.10"
    backo2 "~1.0.2"
    component-emitter "~1.3.0"
    debug "~4.3.1"
    engine.io-client "~4.1.0"
    parseuri "0.0.6"
    socket.io-parser "~4.0.4"

socket.io-parser@~4.0.4:
  version "4.0.4"
  resolved "https://registry.yarnpkg.com/socket.io-parser/-/socket.io-parser-4.0.4.tgz#9ea21b0d61508d18196ef04a2c6b9ab630f4c2b0"
  integrity sha512-t+b0SS+IxG7Rxzda2EVvyBZbvFPBCjJoyHuE0P//7OAsN23GItzDRdWa6ALxZI/8R5ygK7jAR6t028/z+7295g==
  dependencies:
    "@types/component-emitter" "^1.2.10"
    component-emitter "~1.3.0"
    debug "~4.3.1"

sprintf-kit@^2.0.0:
  version "2.0.1"
  resolved "https://registry.yarnpkg.com/sprintf-kit/-/sprintf-kit-2.0.1.tgz#bb837e8fa4b28f094531d8e33669120027236bb8"
  integrity sha512-2PNlcs3j5JflQKcg4wpdqpZ+AjhQJ2OZEo34NXDtlB0tIPG84xaaXhpA8XFacFiwjKA4m49UOYG83y3hbMn/gQ==
  dependencies:
    es5-ext "^0.10.53"

toml@^3.0.0:
  version "3.0.0"
  resolved "https://registry.yarnpkg.com/toml/-/toml-3.0.0.tgz#342160f1af1904ec9d204d03a5d61222d762c5ee"
  integrity sha512-y/mWCZinnvxjTKYhJ+pYxwD0mRLVvOtdS2Awbgxln6iEnt4rk0yBxeSBHkGJcPucRiG0e55mwWp+g/05rsrd6w==

ts-hound@^1.0.8:
  version "1.0.8"
  resolved "https://registry.yarnpkg.com/ts-hound/-/ts-hound-1.0.8.tgz#2f049771f9d0532788e093d2798070ea7b807d58"
  integrity sha512-OiM+kPGlAaBGhKDTRR0NFe4wR0n9kQVoJ9cj/KJ0yvmSFc73b/lcHsYXGJJwlNKtKrCeHZq5/cvWaqHbgPpkyQ==

type@^1.0.1:
  version "1.2.0"
  resolved "https://registry.yarnpkg.com/type/-/type-1.2.0.tgz#848dd7698dafa3e54a6c479e759c4bc3f18847a0"
  integrity sha512-+5nt5AAniqsCnu2cEQQdpzCAh33kVx8n0VoFidKpB1dVVLAN/F+bgVOqOJqOnEnrhp222clB5p3vUlD+1QAnfg==

type@^2.5.0:
  version "2.5.0"
  resolved "https://registry.yarnpkg.com/type/-/type-2.5.0.tgz#0a2e78c2e77907b252abe5f298c1b01c63f0db3d"
  integrity sha512-180WMDQaIMm3+7hGXWf12GtdniDEy7nYcyFMKJn/eZz/6tSLXrUN9V0wKSbMjej0I1WHWbpREDEKHtqPQa9NNw==

ws@~7.4.2:
  version "7.4.6"
  resolved "https://registry.yarnpkg.com/ws/-/ws-7.4.6.tgz#5654ca8ecdeee47c33a9a4bf6d28e2be2980377c"
  integrity sha512-YmhHDO4MzaDLB+M9ym/mDA5z0naX8j7SIlT8f8z+I0VtzsRbekxEutHSme7NPS2qE8StCYQNUnfWdXta/Yu85A==

xmlhttprequest-ssl@~1.6.2:
  version "1.6.3"
  resolved "https://registry.yarnpkg.com/xmlhttprequest-ssl/-/xmlhttprequest-ssl-1.6.3.tgz#03b713873b01659dfa2c1c5d056065b27ddc2de6"
  integrity sha512-3XfeQE/wNkvrIktn2Kf0869fC0BN6UpydVasGIeSm2B1Llihf7/0UfZM+eCkOw3P7bP4+qPgqhm7ZoxuJtFU0Q==

yeast@0.1.2:
  version "0.1.2"
  resolved "https://registry.yarnpkg.com/yeast/-/yeast-0.1.2.tgz#008e06d8094320c372dbc2f8ed76a0ca6c8ac419"
  integrity sha1-AI4G2AlDIMNy28L47XagymyKxBk=
